// !$*UTF8*$!
{
	archiveVersion = 1;
	classes = {
	};
	objectVersion = 50;
	objects = {

/* Begin PBXBuildFile section */
		C2C11C0126CC96690081ACBC /* AppDelegate.swift in Sources */ = {isa = PBXBuildFile; fileRef = C2C11C0026CC96690081ACBC /* AppDelegate.swift */; };
		C2C11C0326CC96690081ACBC /* SceneDelegate.swift in Sources */ = {isa = PBXBuildFile; fileRef = C2C11C0226CC96690081ACBC /* SceneDelegate.swift */; };
		C2C11C0526CC96690081ACBC /* ViewController.swift in Sources */ = {isa = PBXBuildFile; fileRef = C2C11C0426CC96690081ACBC /* ViewController.swift */; };
		C2C11C0826CC96690081ACBC /* Main.storyboard in Resources */ = {isa = PBXBuildFile; fileRef = C2C11C0626CC96690081ACBC /* Main.storyboard */; };
		C2C11C0A26CC96710081ACBC /* Assets.xcassets in Resources */ = {isa = PBXBuildFile; fileRef = C2C11C0926CC96710081ACBC /* Assets.xcassets */; };
		C2C11C0D26CC96710081ACBC /* LaunchScreen.storyboard in Resources */ = {isa = PBXBuildFile; fileRef = C2C11C0B26CC96710081ACBC /* LaunchScreen.storyboard */; };
		C2C11C1826CC96710081ACBC /* You_Are_Awesome_Tests.swift in Sources */ = {isa = PBXBuildFile; fileRef = C2C11C1726CC96710081ACBC /* You_Are_Awesome_Tests.swift */; };
		C2C11C2326CC96710081ACBC /* You_Are_Awesome_UITests.swift in Sources */ = {isa = PBXBuildFile; fileRef = C2C11C2226CC96710081ACBC /* You_Are_Awesome_UITests.swift */; };
/* End PBXBuildFile section */

/* Begin PBXContainerItemProxy section */
		C2C11C1426CC96710081ACBC /* PBXContainerItemProxy */ = {
			isa = PBXContainerItemProxy;
			containerPortal = C2C11BF526CC96690081ACBC /* Project object */;
			proxyType = 1;
			remoteGlobalIDString = C2C11BFC26CC96690081ACBC;
			remoteInfo = "You Are Awesome!";
		};
		C2C11C1F26CC96710081ACBC /* PBXContainerItemProxy */ = {
			isa = PBXContainerItemProxy;
			containerPortal = C2C11BF526CC96690081ACBC /* Project object */;
			proxyType = 1;
			remoteGlobalIDString = C2C11BFC26CC96690081ACBC;
			remoteInfo = "You Are Awesome!";
		};
/* End PBXContainerItemProxy section */

/* Begin PBXFileReference section */
		C2C11BFD26CC96690081ACBC /* You Are Awesome!.app */ = {isa = PBXFileReference; explicitFileType = wrapper.application; includeInIndex = 0; path = "You Are Awesome!.app"; sourceTree = BUILT_PRODUCTS_DIR; };
		C2C11C0026CC96690081ACBC /* AppDelegate.swift */ = {isa = PBXFileReference; lastKnownFileType = sourcecode.swift; path = AppDelegate.swift; sourceTree = "<group>"; };
		C2C11C0226CC96690081ACBC /* SceneDelegate.swift */ = {isa = PBXFileReference; lastKnownFileType = sourcecode.swift; path = SceneDelegate.swift; sourceTree = "<group>"; };
		C2C11C0426CC96690081ACBC /* ViewController.swift */ = {isa = PBXFileReference; lastKnownFileType = sourcecode.swift; path = ViewController.swift; sourceTree = "<group>"; };
		C2C11C0726CC96690081ACBC /* Base */ = {isa = PBXFileReference; lastKnownFileType = file.storyboard; name = Base; path = Base.lproj/Main.storyboard; sourceTree = "<group>"; };
		C2C11C0926CC96710081ACBC /* Assets.xcassets */ = {isa = PBXFileReference; lastKnownFileType = folder.assetcatalog; path = Assets.xcassets; sourceTree = "<group>"; };
		C2C11C0C26CC96710081ACBC /* Base */ = {isa = PBXFileReference; lastKnownFileType = file.storyboard; name = Base; path = Base.lproj/LaunchScreen.storyboard; sourceTree = "<group>"; };
		C2C11C0E26CC96710081ACBC /* Info.plist */ = {isa = PBXFileReference; lastKnownFileType = text.plist.xml; path = Info.plist; sourceTree = "<group>"; };
		C2C11C1326CC96710081ACBC /* You Are Awesome!Tests.xctest */ = {isa = PBXFileReference; explicitFileType = wrapper.cfbundle; includeInIndex = 0; path = "You Are Awesome!Tests.xctest"; sourceTree = BUILT_PRODUCTS_DIR; };
		C2C11C1726CC96710081ACBC /* You_Are_Awesome_Tests.swift */ = {isa = PBXFileReference; lastKnownFileType = sourcecode.swift; path = You_Are_Awesome_Tests.swift; sourceTree = "<group>"; };
		C2C11C1926CC96710081ACBC /* Info.plist */ = {isa = PBXFileReference; lastKnownFileType = text.plist.xml; path = Info.plist; sourceTree = "<group>"; };
		C2C11C1E26CC96710081ACBC /* You Are Awesome!UITests.xctest */ = {isa = PBXFileReference; explicitFileType = wrapper.cfbundle; includeInIndex = 0; path = "You Are Awesome!UITests.xctest"; sourceTree = BUILT_PRODUCTS_DIR; };
		C2C11C2226CC96710081ACBC /* You_Are_Awesome_UITests.swift */ = {isa = PBXFileReference; lastKnownFileType = sourcecode.swift; path = You_Are_Awesome_UITests.swift; sourceTree = "<group>"; };
		C2C11C2426CC96710081ACBC /* Info.plist */ = {isa = PBXFileReference; lastKnownFileType = text.plist.xml; path = Info.plist; sourceTree = "<group>"; };
/* End PBXFileReference section */

/* Begin PBXFrameworksBuildPhase section */
		C2C11BFA26CC96690081ACBC /* Frameworks */ = {
			isa = PBXFrameworksBuildPhase;
			buildActionMask = 2147483647;
			files = (
			);
			runOnlyForDeploymentPostprocessing = 0;
		};
		C2C11C1026CC96710081ACBC /* Frameworks */ = {
			isa = PBXFrameworksBuildPhase;
			buildActionMask = 2147483647;
			files = (
			);
			runOnlyForDeploymentPostprocessing = 0;
		};
		C2C11C1B26CC96710081ACBC /* Frameworks */ = {
			isa = PBXFrameworksBuildPhase;
			buildActionMask = 2147483647;
			files = (
			);
			runOnlyForDeploymentPostprocessing = 0;
		};
/* End PBXFrameworksBuildPhase section */

/* Begin PBXGroup section */
		C2C11BF426CC96690081ACBC = {
			isa = PBXGroup;
			children = (
				C2C11BFF26CC96690081ACBC /* You Are Awesome! */,
				C2C11C1626CC96710081ACBC /* You Are Awesome!Tests */,
				C2C11C2126CC96710081ACBC /* You Are Awesome!UITests */,
				C2C11BFE26CC96690081ACBC /* Products */,
			);
			sourceTree = "<group>";
		};
		C2C11BFE26CC96690081ACBC /* Products */ = {
			isa = PBXGroup;
			children = (
				C2C11BFD26CC96690081ACBC /* You Are Awesome!.app */,
				C2C11C1326CC96710081ACBC /* You Are Awesome!Tests.xctest */,
				C2C11C1E26CC96710081ACBC /* You Are Awesome!UITests.xctest */,
			);
			name = Products;
			sourceTree = "<group>";
		};
		C2C11BFF26CC96690081ACBC /* You Are Awesome! */ = {
			isa = PBXGroup;
			children = (
				C2C11C0026CC96690081ACBC /* AppDelegate.swift */,
				C2C11C0226CC96690081ACBC /* SceneDelegate.swift */,
				C2C11C0426CC96690081ACBC /* ViewController.swift */,
				C2C11C0626CC96690081ACBC /* Main.storyboard */,
				C2C11C0926CC96710081ACBC /* Assets.xcassets */,
				C2C11C0B26CC96710081ACBC /* LaunchScreen.storyboard */,
				C2C11C0E26CC96710081ACBC /* Info.plist */,
			);
			path = "You Are Awesome!";
			sourceTree = "<group>";
		};
		C2C11C1626CC96710081ACBC /* You Are Awesome!Tests */ = {
			isa = PBXGroup;
			children = (
				C2C11C1726CC96710081ACBC /* You_Are_Awesome_Tests.swift */,
				C2C11C1926CC96710081ACBC /* Info.plist */,
			);
			path = "You Are Awesome!Tests";
			sourceTree = "<group>";
		};
		C2C11C2126CC96710081ACBC /* You Are Awesome!UITests */ = {
			isa = PBXGroup;
			children = (
				C2C11C2226CC96710081ACBC /* You_Are_Awesome_UITests.swift */,
				C2C11C2426CC96710081ACBC /* Info.plist */,
			);
			path = "You Are Awesome!UITests";
			sourceTree = "<group>";
		};
/* End PBXGroup section */

/* Begin PBXNativeTarget section */
		C2C11BFC26CC96690081ACBC /* You Are Awesome! */ = {
			isa = PBXNativeTarget;
			buildConfigurationList = C2C11C2726CC96710081ACBC /* Build configuration list for PBXNativeTarget "You Are Awesome!" */;
			buildPhases = (
				C2C11BF926CC96690081ACBC /* Sources */,
				C2C11BFA26CC96690081ACBC /* Frameworks */,
				C2C11BFB26CC96690081ACBC /* Resources */,
			);
			buildRules = (
			);
			dependencies = (
			);
			name = "You Are Awesome!";
			productName = "You Are Awesome!";
			productReference = C2C11BFD26CC96690081ACBC /* You Are Awesome!.app */;
			productType = "com.apple.product-type.application";
		};
		C2C11C1226CC96710081ACBC /* You Are Awesome!Tests */ = {
			isa = PBXNativeTarget;
			buildConfigurationList = C2C11C2A26CC96710081ACBC /* Build configuration list for PBXNativeTarget "You Are Awesome!Tests" */;
			buildPhases = (
				C2C11C0F26CC96710081ACBC /* Sources */,
				C2C11C1026CC96710081ACBC /* Frameworks */,
				C2C11C1126CC96710081ACBC /* Resources */,
			);
			buildRules = (
			);
			dependencies = (
				C2C11C1526CC96710081ACBC /* PBXTargetDependency */,
			);
			name = "You Are Awesome!Tests";
			productName = "You Are Awesome!Tests";
			productReference = C2C11C1326CC96710081ACBC /* You Are Awesome!Tests.xctest */;
			productType = "com.apple.product-type.bundle.unit-test";
		};
		C2C11C1D26CC96710081ACBC /* You Are Awesome!UITests */ = {
			isa = PBXNativeTarget;
			buildConfigurationList = C2C11C2D26CC96710081ACBC /* Build configuration list for PBXNativeTarget "You Are Awesome!UITests" */;
			buildPhases = (
				C2C11C1A26CC96710081ACBC /* Sources */,
				C2C11C1B26CC96710081ACBC /* Frameworks */,
				C2C11C1C26CC96710081ACBC /* Resources */,
			);
			buildRules = (
			);
			dependencies = (
				C2C11C2026CC96710081ACBC /* PBXTargetDependency */,
			);
			name = "You Are Awesome!UITests";
			productName = "You Are Awesome!UITests";
			productReference = C2C11C1E26CC96710081ACBC /* You Are Awesome!UITests.xctest */;
			productType = "com.apple.product-type.bundle.ui-testing";
		};
/* End PBXNativeTarget section */

/* Begin PBXProject section */
		C2C11BF526CC96690081ACBC /* Project object */ = {
			isa = PBXProject;
			attributes = {
				LastSwiftUpdateCheck = 1250;
				LastUpgradeCheck = 1250;
				TargetAttributes = {
					C2C11BFC26CC96690081ACBC = {
						CreatedOnToolsVersion = 12.5.1;
					};
					C2C11C1226CC96710081ACBC = {
						CreatedOnToolsVersion = 12.5.1;
						TestTargetID = C2C11BFC26CC96690081ACBC;
					};
					C2C11C1D26CC96710081ACBC = {
						CreatedOnToolsVersion = 12.5.1;
						TestTargetID = C2C11BFC26CC96690081ACBC;
					};
				};
			};
			buildConfigurationList = C2C11BF826CC96690081ACBC /* Build configuration list for PBXProject "You Are Awesome!" */;
			compatibilityVersion = "Xcode 9.3";
			developmentRegion = en;
			hasScannedForEncodings = 0;
			knownRegions = (
				en,
				Base,
			);
			mainGroup = C2C11BF426CC96690081ACBC;
			productRefGroup = C2C11BFE26CC96690081ACBC /* Products */;
			projectDirPath = "";
			projectRoot = "";
			targets = (
				C2C11BFC26CC96690081ACBC /* You Are Awesome! */,
				C2C11C1226CC96710081ACBC /* You Are Awesome!Tests */,
				C2C11C1D26CC96710081ACBC /* You Are Awesome!UITests */,
			);
		};
/* End PBXProject section */

/* Begin PBXResourcesBuildPhase section */
		C2C11BFB26CC96690081ACBC /* Resources */ = {
			isa = PBXResourcesBuildPhase;
			buildActionMask = 2147483647;
			files = (
				C2C11C0D26CC96710081ACBC /* LaunchScreen.storyboard in Resources */,
				C2C11C0A26CC96710081ACBC /* Assets.xcassets in Resources */,
				C2C11C0826CC96690081ACBC /* Main.storyboard in Resources */,
			);
			runOnlyForDeploymentPostprocessing = 0;
		};
		C2C11C1126CC96710081ACBC /* Resources */ = {
			isa = PBXResourcesBuildPhase;
			buildActionMask = 2147483647;
			files = (
			);
			runOnlyForDeploymentPostprocessing = 0;
		};
		C2C11C1C26CC96710081ACBC /* Resources */ = {
			isa = PBXResourcesBuildPhase;
			buildActionMask = 2147483647;
			files = (
			);
			runOnlyForDeploymentPostprocessing = 0;
		};
/* End PBXResourcesBuildPhase section */

/* Begin PBXSourcesBuildPhase section */
		C2C11BF926CC96690081ACBC /* Sources */ = {
			isa = PBXSourcesBuildPhase;
			buildActionMask = 2147483647;
			files = (
				C2C11C0526CC96690081ACBC /* ViewController.swift in Sources */,
				C2C11C0126CC96690081ACBC /* AppDelegate.swift in Sources */,
				C2C11C0326CC96690081ACBC /* SceneDelegate.swift in Sources */,
			);
			runOnlyForDeploymentPostprocessing = 0;
		};
		C2C11C0F26CC96710081ACBC /* Sources */ = {
			isa = PBXSourcesBuildPhase;
			buildActionMask = 2147483647;
			files = (
				C2C11C1826CC96710081ACBC /* You_Are_Awesome_Tests.swift in Sources */,
			);
			runOnlyForDeploymentPostprocessing = 0;
		};
		C2C11C1A26CC96710081ACBC /* Sources */ = {
			isa = PBXSourcesBuildPhase;
			buildActionMask = 2147483647;
			files = (
				C2C11C2326CC96710081ACBC /* You_Are_Awesome_UITests.swift in Sources */,
			);
			runOnlyForDeploymentPostprocessing = 0;
		};
/* End PBXSourcesBuildPhase section */

/* Begin PBXTargetDependency section */
		C2C11C1526CC96710081ACBC /* PBXTargetDependency */ = {
			isa = PBXTargetDependency;
			target = C2C11BFC26CC96690081ACBC /* You Are Awesome! */;
			targetProxy = C2C11C1426CC96710081ACBC /* PBXContainerItemProxy */;
		};
		C2C11C2026CC96710081ACBC /* PBXTargetDependency */ = {
			isa = PBXTargetDependency;
			target = C2C11BFC26CC96690081ACBC /* You Are Awesome! */;
			targetProxy = C2C11C1F26CC96710081ACBC /* PBXContainerItemProxy */;
		};
/* End PBXTargetDependency section */

/* Begin PBXVariantGroup section */
		C2C11C0626CC96690081ACBC /* Main.storyboard */ = {
			isa = PBXVariantGroup;
			children = (
				C2C11C0726CC96690081ACBC /* Base */,
			);
			name = Main.storyboard;
			sourceTree = "<group>";
		};
		C2C11C0B26CC96710081ACBC /* LaunchScreen.storyboard */ = {
			isa = PBXVariantGroup;
			children = (
				C2C11C0C26CC96710081ACBC /* Base */,
			);
			name = LaunchScreen.storyboard;
			sourceTree = "<group>";
		};
/* End PBXVariantGroup section */

/* Begin XCBuildConfiguration section */
		C2C11C2526CC96710081ACBC /* Debug */ = {
			isa = XCBuildConfiguration;
			buildSettings = {
				ALWAYS_SEARCH_USER_PATHS = NO;
				CLANG_ANALYZER_NONNULL = YES;
				CLANG_ANALYZER_NUMBER_OBJECT_CONVERSION = YES_AGGRESSIVE;
				CLANG_CXX_LANGUAGE_STANDARD = "gnu++14";
				CLANG_CXX_LIBRARY = "libc++";
				CLANG_ENABLE_MODULES = YES;
				CLANG_ENABLE_OBJC_ARC = YES;
				CLANG_ENABLE_OBJC_WEAK = YES;
				CLANG_WARN_BLOCK_CAPTURE_AUTORELEASING = YES;
				CLANG_WARN_BOOL_CONVERSION = YES;
				CLANG_WARN_COMMA = YES;
				CLANG_WARN_CONSTANT_CONVERSION = YES;
				CLANG_WARN_DEPRECATED_OBJC_IMPLEMENTATIONS = YES;
				CLANG_WARN_DIRECT_OBJC_ISA_USAGE = YES_ERROR;
				CLANG_WARN_DOCUMENTATION_COMMENTS = YES;
				CLANG_WARN_EMPTY_BODY = YES;
				CLANG_WARN_ENUM_CONVERSION = YES;
				CLANG_WARN_INFINITE_RECURSION = YES;
				CLANG_WARN_INT_CONVERSION = YES;
				CLANG_WARN_NON_LITERAL_NULL_CONVERSION = YES;
				CLANG_WARN_OBJC_IMPLICIT_RETAIN_SELF = YES;
				CLANG_WARN_OBJC_LITERAL_CONVERSION = YES;
				CLANG_WARN_OBJC_ROOT_CLASS = YES_ERROR;
				CLANG_WARN_QUOTED_INCLUDE_IN_FRAMEWORK_HEADER = YES;
				CLANG_WARN_RANGE_LOOP_ANALYSIS = YES;
				CLANG_WARN_STRICT_PROTOTYPES = YES;
				CLANG_WARN_SUSPICIOUS_MOVE = YES;
				CLANG_WARN_UNGUARDED_AVAILABILITY = YES_AGGRESSIVE;
				CLANG_WARN_UNREACHABLE_CODE = YES;
				CLANG_WARN__DUPLICATE_METHOD_MATCH = YES;
				COPY_PHASE_STRIP = NO;
				DEBUG_INFORMATION_FORMAT = dwarf;
				ENABLE_STRICT_OBJC_MSGSEND = YES;
				ENABLE_TESTABILITY = YES;
				GCC_C_LANGUAGE_STANDARD = gnu11;
				GCC_DYNAMIC_NO_PIC = NO;
				GCC_NO_COMMON_BLOCKS = YES;
				GCC_OPTIMIZATION_LEVEL = 0;
				GCC_PREPROCESSOR_DEFINITIONS = (
					"DEBUG=1",
					"$(inherited)",
				);
				GCC_WARN_64_TO_32_BIT_CONVERSION = YES;
				GCC_WARN_ABOUT_RETURN_TYPE = YES_ERROR;
				GCC_WARN_UNDECLARED_SELECTOR = YES;
				GCC_WARN_UNINITIALIZED_AUTOS = YES_AGGRESSIVE;
				GCC_WARN_UNUSED_FUNCTION = YES;
				GCC_WARN_UNUSED_VARIABLE = YES;
				IPHONEOS_DEPLOYMENT_TARGET = 14.5;
				MTL_ENABLE_DEBUG_INFO = INCLUDE_SOURCE;
				MTL_FAST_MATH = YES;
				ONLY_ACTIVE_ARCH = YES;
				SDKROOT = iphoneos;
				SWIFT_ACTIVE_COMPILATION_CONDITIONS = DEBUG;
				SWIFT_OPTIMIZATION_LEVEL = "-Onone";
			};
			name = Debug;
		};
		C2C11C2626CC96710081ACBC /* Release */ = {
			isa = XCBuildConfiguration;
			buildSettings = {
				ALWAYS_SEARCH_USER_PATHS = NO;
				CLANG_ANALYZER_NONNULL = YES;
				CLANG_ANALYZER_NUMBER_OBJECT_CONVERSION = YES_AGGRESSIVE;
				CLANG_CXX_LANGUAGE_STANDARD = "gnu++14";
				CLANG_CXX_LIBRARY = "libc++";
				CLANG_ENABLE_MODULES = YES;
				CLANG_ENABLE_OBJC_ARC = YES;
				CLANG_ENABLE_OBJC_WEAK = YES;
				CLANG_WARN_BLOCK_CAPTURE_AUTORELEASING = YES;
				CLANG_WARN_BOOL_CONVERSION = YES;
				CLANG_WARN_COMMA = YES;
				CLANG_WARN_CONSTANT_CONVERSION = YES;
				CLANG_WARN_DEPRECATED_OBJC_IMPLEMENTATIONS = YES;
				CLANG_WARN_DIRECT_OBJC_ISA_USAGE = YES_ERROR;
				CLANG_WARN_DOCUMENTATION_COMMENTS = YES;
				CLANG_WARN_EMPTY_BODY = YES;
				CLANG_WARN_ENUM_CONVERSION = YES;
				CLANG_WARN_INFINITE_RECURSION = YES;
				CLANG_WARN_INT_CONVERSION = YES;
				CLANG_WARN_NON_LITERAL_NULL_CONVERSION = YES;
				CLANG_WARN_OBJC_IMPLICIT_RETAIN_SELF = YES;
				CLANG_WARN_OBJC_LITERAL_CONVERSION = YES;
				CLANG_WARN_OBJC_ROOT_CLASS = YES_ERROR;
				CLANG_WARN_QUOTED_INCLUDE_IN_FRAMEWORK_HEADER = YES;
				CLANG_WARN_RANGE_LOOP_ANALYSIS = YES;
				CLANG_WARN_STRICT_PROTOTYPES = YES;
				CLANG_WARN_SUSPICIOUS_MOVE = YES;
				CLANG_WARN_UNGUARDED_AVAILABILITY = YES_AGGRESSIVE;
				CLANG_WARN_UNREACHABLE_CODE = YES;
				CLANG_WARN__DUPLICATE_METHOD_MATCH = YES;
				COPY_PHASE_STRIP = NO;
				DEBUG_INFORMATION_FORMAT = "dwarf-with-dsym";
				ENABLE_NS_ASSERTIONS = NO;
				ENABLE_STRICT_OBJC_MSGSEND = YES;
				GCC_C_LANGUAGE_STANDARD = gnu11;
				GCC_NO_COMMON_BLOCKS = YES;
				GCC_WARN_64_TO_32_BIT_CONVERSION = YES;
				GCC_WARN_ABOUT_RETURN_TYPE = YES_ERROR;
				GCC_WARN_UNDECLARED_SELECTOR = YES;
				GCC_WARN_UNINITIALIZED_AUTOS = YES_AGGRESSIVE;
				GCC_WARN_UNUSED_FUNCTION = YES;
				GCC_WARN_UNUSED_VARIABLE = YES;
				IPHONEOS_DEPLOYMENT_TARGET = 14.5;
				MTL_ENABLE_DEBUG_INFO = NO;
				MTL_FAST_MATH = YES;
				SDKROOT = iphoneos;
				SWIFT_COMPILATION_MODE = wholemodule;
				SWIFT_OPTIMIZATION_LEVEL = "-O";
				VALIDATE_PRODUCT = YES;
			};
			name = Release;
		};
		C2C11C2826CC96710081ACBC /* Debug */ = {
			isa = XCBuildConfiguration;
			buildSettings = {
				ASSETCATALOG_COMPILER_APPICON_NAME = AppIcon;
				ASSETCATALOG_COMPILER_GLOBAL_ACCENT_COLOR_NAME = AccentColor;
				CODE_SIGN_STYLE = Automatic;
				DEVELOPMENT_TEAM = JGM43P7636;
				INFOPLIST_FILE = "You Are Awesome!/Info.plist";
				LD_RUNPATH_SEARCH_PATHS = (
					"$(inherited)",
					"@executable_path/Frameworks",
				);
				PRODUCT_BUNDLE_IDENTIFIER = "William-Meyer.You-Are-Awesome-";
				PRODUCT_NAME = "$(TARGET_NAME)";
				SWIFT_VERSION = 5.0;
				TARGETED_DEVICE_FAMILY = "1,2";
			};
			name = Debug;
		};
		C2C11C2926CC96710081ACBC /* Release */ = {
			isa = XCBuildConfiguration;
			buildSettings = {
				ASSETCATALOG_COMPILER_APPICON_NAME = AppIcon;
				ASSETCATALOG_COMPILER_GLOBAL_ACCENT_COLOR_NAME = AccentColor;
				CODE_SIGN_STYLE = Automatic;
				DEVELOPMENT_TEAM = JGM43P7636;
				INFOPLIST_FILE = "You Are Awesome!/Info.plist";
				LD_RUNPATH_SEARCH_PATHS = (
					"$(inherited)",
					"@executable_path/Frameworks",
				);
				PRODUCT_BUNDLE_IDENTIFIER = "William-Meyer.You-Are-Awesome-";
				PRODUCT_NAME = "$(TARGET_NAME)";
				SWIFT_VERSION = 5.0;
				TARGETED_DEVICE_FAMILY = "1,2";
			};
			name = Release;
		};
		C2C11C2B26CC96710081ACBC /* Debug */ = {
			isa = XCBuildConfiguration;
			buildSettings = {
				ALWAYS_EMBED_SWIFT_STANDARD_LIBRARIES = YES;
				BUNDLE_LOADER = "$(TEST_HOST)";
				CODE_SIGN_STYLE = Automatic;
				DEVELOPMENT_TEAM = JGM43P7636;
				INFOPLIST_FILE = "You Are Awesome!Tests/Info.plist";
				IPHONEOS_DEPLOYMENT_TARGET = 14.5;
				LD_RUNPATH_SEARCH_PATHS = (
					"$(inherited)",
					"@executable_path/Frameworks",
					"@loader_path/Frameworks",
				);
				PRODUCT_BUNDLE_IDENTIFIER = "William-Meyer.You-Are-Awesome-Tests";
				PRODUCT_NAME = "$(TARGET_NAME)";
				SWIFT_VERSION = 5.0;
				TARGETED_DEVICE_FAMILY = "1,2";
				TEST_HOST = "$(BUILT_PRODUCTS_DIR)/You Are Awesome!.app/You Are Awesome!";
			};
			name = Debug;
		};
		C2C11C2C26CC96710081ACBC /* Release */ = {
			isa = XCBuildConfiguration;
			buildSettings = {
				ALWAYS_EMBED_SWIFT_STANDARD_LIBRARIES = YES;
				BUNDLE_LOADER = "$(TEST_HOST)";
				CODE_SIGN_STYLE = Automatic;
				DEVELOPMENT_TEAM = JGM43P7636;
				INFOPLIST_FILE = "You Are Awesome!Tests/Info.plist";
				IPHONEOS_DEPLOYMENT_TARGET = 14.5;
				LD_RUNPATH_SEARCH_PATHS = (
					"$(inherited)",
					"@executable_path/Frameworks",
					"@loader_path/Frameworks",
				);
				PRODUCT_BUNDLE_IDENTIFIER = "William-Meyer.You-Are-Awesome-Tests";
				PRODUCT_NAME = "$(TARGET_NAME)";
				SWIFT_VERSION = 5.0;
				TARGETED_DEVICE_FAMILY = "1,2";
				TEST_HOST = "$(BUILT_PRODUCTS_DIR)/You Are Awesome!.app/You Are Awesome!";
			};
			name = Release;
		};
		C2C11C2E26CC96710081ACBC /* Debug */ = {
			isa = XCBuildConfiguration;
			buildSettings = {
				ALWAYS_EMBED_SWIFT_STANDARD_LIBRARIES = YES;
				CODE_SIGN_STYLE = Automatic;
				DEVELOPMENT_TEAM = JGM43P7636;
				INFOPLIST_FILE = "You Are Awesome!UITests/Info.plist";
				LD_RUNPATH_SEARCH_PATHS = (
					"$(inherited)",
					"@executable_path/Frameworks",
					"@loader_path/Frameworks",
				);
				PRODUCT_BUNDLE_IDENTIFIER = "William-Meyer.You-Are-Awesome-UITests";
				PRODUCT_NAME = "$(TARGET_NAME)";
				SWIFT_VERSION = 5.0;
				TARGETED_DEVICE_FAMILY = "1,2";
				TEST_TARGET_NAME = "You Are Awesome!";
			};
			name = Debug;
		};
		C2C11C2F26CC96710081ACBC /* Release */ = {
			isa = XCBuildConfiguration;
			buildSettings = {
				ALWAYS_EMBED_SWIFT_STANDARD_LIBRARIES = YES;
				CODE_SIGN_STYLE = Automatic;
				DEVELOPMENT_TEAM = JGM43P7636;
				INFOPLIST_FILE = "You Are Awesome!UITests/Info.plist";
				LD_RUNPATH_SEARCH_PATHS = (
					"$(inherited)",
					"@executable_path/Frameworks",
					"@loader_path/Frameworks",
				);
				PRODUCT_BUNDLE_IDENTIFIER = "William-Meyer.You-Are-Awesome-UITests";
				PRODUCT_NAME = "$(TARGET_NAME)";
				SWIFT_VERSION = 5.0;
				TARGETED_DEVICE_FAMILY = "1,2";
				TEST_TARGET_NAME = "You Are Awesome!";
			};
			name = Release;
		};
/* End XCBuildConfiguration section */

/* Begin XCConfigurationList section */
		C2C11BF826CC96690081ACBC /* Build configuration list for PBXProject "You Are Awesome!" */ = {
			isa = XCConfigurationList;
			buildConfigurations = (
				C2C11C2526CC96710081ACBC /* Debug */,
				C2C11C2626CC96710081ACBC /* Release */,
			);
			defaultConfigurationIsVisible = 0;
			defaultConfigurationName = Release;
		};
		C2C11C2726CC96710081ACBC /* Build configuration list for PBXNativeTarget "You Are Awesome!" */ = {
			isa = XCConfigurationList;
			buildConfigurations = (
				C2C11C2826CC96710081ACBC /* Debug */,
				C2C11C2926CC96710081ACBC /* Release */,
			);
			defaultConfigurationIsVisible = 0;
			defaultConfigurationName = Release;
		};
		C2C11C2A26CC96710081ACBC /* Build configuration list for PBXNativeTarget "You Are Awesome!Tests" */ = {
			isa = XCConfigurationList;
			buildConfigurations = (
				C2C11C2B26CC96710081ACBC /* Debug */,
				C2C11C2C26CC96710081ACBC /* Release */,
			);
			defaultConfigurationIsVisible = 0;
			defaultConfigurationName = Release;
		};
		C2C11C2D26CC96710081ACBC /* Build configuration list for PBXNativeTarget "You Are Awesome!UITests" */ = {
			isa = XCConfigurationList;
			buildConfigurations = (
				C2C11C2E26CC96710081ACBC /* Debug */,
				C2C11C2F26CC96710081ACBC /* Release */,
			);
			defaultConfigurationIsVisible = 0;
			defaultConfigurationName = Release;
		};
/* End XCConfigurationList section */
	};
	rootObject = C2C11BF526CC96690081ACBC /* Project object */;
}
